
Microsoft Visual Studio Solution File, Format Version 12.00
# Visual Studio 15
VisualStudioVersion = 15.0.27703.2000
MinimumVisualStudioVersion = 10.0.40219.1
Project("{9A19103F-16F7-4668-BE54-9A1E7A4F7556}") = "satsearch-sdk", "satsearch-sdk\satsearch-sdk.csproj", "{420AB5A1-141F-45AB-A485-28A5375B3C46}"
EndProject
Project("{FAE04EC0-301F-11D3-BF4B-00C04F79EFBC}") = "satsearch-sdk.tests", "satsearch-sdk.tests\satsearch-sdk.tests.csproj", "{32AF5782-C911-4453-B78B-08F5653605CE}"
EndProject
Global
	GlobalSection(SolutionConfigurationPlatforms) = preSolution
		Debug|Any CPU = Debug|Any CPU
		Dev|Any CPU = Dev|Any CPU
		Release|Any CPU = Release|Any CPU
	EndGlobalSection
	GlobalSection(ProjectConfigurationPlatforms) = postSolution
		{420AB5A1-141F-45AB-A485-28A5375B3C46}.Debug|Any CPU.ActiveCfg = Debug|Any CPU
		{420AB5A1-141F-45AB-A485-28A5375B3C46}.Debug|Any CPU.Build.0 = Debug|Any CPU
		{420AB5A1-141F-45AB-A485-28A5375B3C46}.Dev|Any CPU.ActiveCfg = Dev|Any CPU
		{420AB5A1-141F-45AB-A485-28A5375B3C46}.Dev|Any CPU.Build.0 = Dev|Any CPU
		{420AB5A1-141F-45AB-A485-28A5375B3C46}.Release|Any CPU.ActiveCfg = Release|Any CPU
		{420AB5A1-141F-45AB-A485-28A5375B3C46}.Release|Any CPU.Build.0 = Release|Any CPU
		{32AF5782-C911-4453-B78B-08F5653605CE}.Debug|Any CPU.ActiveCfg = Debug|Any CPU
		{32AF5782-C911-4453-B78B-08F5653605CE}.Debug|Any CPU.Build.0 = Debug|Any CPU
		{32AF5782-C911-4453-B78B-08F5653605CE}.Dev|Any CPU.ActiveCfg = Dev|Any CPU
		{32AF5782-C911-4453-B78B-08F5653605CE}.Dev|Any CPU.Build.0 = Dev|Any CPU
		{32AF5782-C911-4453-B78B-08F5653605CE}.Release|Any CPU.ActiveCfg = Release|Any CPU
		{32AF5782-C911-4453-B78B-08F5653605CE}.Release|Any CPU.Build.0 = Release|Any CPU
	EndGlobalSection
	GlobalSection(SolutionProperties) = preSolution
		HideSolutionNode = FALSE
	EndGlobalSection
	GlobalSection(ExtensibilityGlobals) = postSolution
		SolutionGuid = {04F4B638-404C-42D0-B266-DA03C23E0142}
	EndGlobalSection
EndGlobal
